{
  "name": "blog",
  "version": "1.0.0",
  "lockfileVersion": 1,
  "requires": true,
  "dependencies": {
    "darkmode-js": {
      "version": "1.5.1",
      "resolved": "https://registry.npmjs.org/darkmode-js/-/darkmode-js-1.5.1.tgz",
      "integrity": "sha512-IrU4xl6+5xwuSHC/9ZpTOqRP5z3zPwKjp2PbTHb4Q2beSuhsFnxQWWpbTXhwmK6dhwQA92nccbx+3MvXC/OFGA=="
    },
    "dayjs": {
      "version": "1.8.16",
      "resolved": "https://registry.npmjs.org/dayjs/-/dayjs-1.8.16.tgz",
      "integrity": "sha512-XPmqzWz/EJiaRHjBqSJ2s6hE/BUoCIHKgdS2QPtTQtKcS9E4/Qn0WomoH1lXanWCzri+g7zPcuNV4aTZ8PMORQ=="
    }
  }
}
